{
  "lockfileVersion": 1,
  "configVersion": 0,
  "workspaces": {
    "": {
      "name": "react",
      "dependencies": {
        "@opentui/core": "^0.2.1",
        "@opentui/react": "^0.2.1",
        "react": "^19.2.4",
      },
      "devDependencies": {
        "@types/bun": "latest",
        "oxfmt": "^0.48.0",
        "oxlint": "^1.63.0",
      },
      "peerDependencies": {
        "typescript": "^5",
      },
    },
  },
  "packages": {
    "@opentui/core": ["@opentui/core@0.2.1", "", { "dependencies": { "bun-ffi-structs": "0.1.2", "diff": "9.0.0", "marked": "17.0.1", "string-width": "7.2.0", "strip-ansi": "7.1.2", "yoga-layout": "3.2.1" }, "optionalDependencies": { "@opentui/core-darwin-arm64": "0.2.1", "@opentui/core-darwin-x64": "0.2.1", "@opentui/core-linux-arm64": "0.2.1", "@opentui/core-linux-x64": "0.2.1", "@opentui/core-win32-arm64": "0.2.1", "@opentui/core-win32-x64": "0.2.1" }, "peerDependencies": { "web-tree-sitter": "0.25.10" } }, "sha512-tXFD2NeznXzZa02yOsQ/D0o/06GBqVrPR7VdmgqI+ZChcS7NY/QgNQGgAZUditW2vezFcxlgTqoCgQaZFqRfGQ=="],

    "@opentui/core-darwin-arm64": ["@opentui/core-darwin-arm64@0.2.1", "", { "os": "darwin", "cpu": "arm64" }, "sha512-vT8rgeNdkzD84wCcS5zmrSVFgR/SjeVr+2FNM/icTjwKh9Jq3cY6UY7/EFck3PRjrmanNu4zw7W5lFKSpMxnPQ=="],

    "@opentui/core-darwin-x64": ["@opentui/core-darwin-x64@0.2.1", "", { "os": "darwin", "cpu": "x64" }, "sha512-HAH1KeTejs0Z+RChNsNImI1eOlYJabKeAEvLtnn1aiHxvJFpzdAi6d/VrG5WFcxAem6TVRtnKN46gXff26lkig=="],

    "@opentui/core-linux-arm64": ["@opentui/core-linux-arm64@0.2.1", "", { "os": "linux", "cpu": "arm64" }, "sha512-447FI6xolsKbG1eH3hpNGQhQ/8M6FDJIgpiJhX9XXvZGO7vEyN6efyqqIzRF+quafqF69+rT3qK70S1svjwVKA=="],

    "@opentui/core-linux-x64": ["@opentui/core-linux-x64@0.2.1", "", { "os": "linux", "cpu": "x64" }, "sha512-Xdds+HnAbFiylTdxyYhRxPFPnrHm75KTi7QCA1JHU3lb8Sfwrxv3nlYtFhEV798y4osafsghL20Nq5mqVPjizQ=="],

    "@opentui/core-win32-arm64": ["@opentui/core-win32-arm64@0.2.1", "", { "os": "win32", "cpu": "arm64" }, "sha512-VEuqX9OSFpw960mibe4OXVmnE43V/VYwB61zoxD5uw7L3jgCiOfrf+W2TuFbcRAgtTD35MypJ53fYxmUcVZc8g=="],

    "@opentui/core-win32-x64": ["@opentui/core-win32-x64@0.2.1", "", { "os": "win32", "cpu": "x64" }, "sha512-ywwRbyjPPEbNe3da+ez4NxIaJWQ79sA2gdepuHKUVdmdxsevdRpAxOHkEpJNtiVvphPc/On9EsP25Hmn5gjYxg=="],

    "@opentui/react": ["@opentui/react@0.2.1", "", { "dependencies": { "@opentui/core": "0.2.1", "react-reconciler": "^0.32.0" }, "peerDependencies": { "react": ">=19.0.0", "react-devtools-core": "^7.0.1", "ws": "^8.18.0" } }, "sha512-kHxNHqukauhf1StjuGV36DoR42dBPxU3YVj1wo/V2SOumC/enF6zxBnnsWC3EUWqxLKnMkufh38AvHL3EJ1Taw=="],

    "@oxfmt/binding-android-arm-eabi": ["@oxfmt/binding-android-arm-eabi@0.48.0", "", { "os": "android", "cpu": "arm" }, "sha512-uwqk+/KhQvBIpULD8SMM/zAafMRC/+DV/xsEQjkkIsJ/kLmEI/2bxonVowcYTiXqqZ/a0FEW8DPkZY3VvwELDA=="],

    "@oxfmt/binding-android-arm64": ["@oxfmt/binding-android-arm64@0.48.0", "", { "os": "android", "cpu": "arm64" }, "sha512-VUCiKuXK5+McVssgHEJdrcGK7hRJzrRb36zm9/jwzMholyYt4BgXhw5Nm1V1DX6Ce717Zi/1jk432b/tgmQgtQ=="],

    "@oxfmt/binding-darwin-arm64": ["@oxfmt/binding-darwin-arm64@0.48.0", "", { "os": "darwin", "cpu": "arm64" }, "sha512-IkKp8rnIyQLW6Jt+6jragCbUVYSayk55lapiprLjIVvt4NczLyO/nwX2GgefLQ5iaBdfS8UEAFgCs/pLO6Cl0w=="],

    "@oxfmt/binding-darwin-x64": ["@oxfmt/binding-darwin-x64@0.48.0", "", { "os": "darwin", "cpu": "x64" }, "sha512-+aFuhsGIuvnoOjXyKVHMhPKJZR1kQkAl8QyrKoMlA7yJsSTC3N0Asl53La8TChSHhW8epToQ/Q0nvLmEmfNmLg=="],

    "@oxfmt/binding-freebsd-x64": ["@oxfmt/binding-freebsd-x64@0.48.0", "", { "os": "freebsd", "cpu": "x64" }, "sha512-fbqzQL8FjI9gGnktI7RIo0dksDziTAYBy7xlI7jU7eID5fxLF/25fS4Xj6GydD8Y5oWHL83U4NK160QaOAxtyg=="],

    "@oxfmt/binding-linux-arm-gnueabihf": ["@oxfmt/binding-linux-arm-gnueabihf@0.48.0", "", { "os": "linux", "cpu": "arm" }, "sha512-hn4i0zhAyTiB3ZHjQfYUZkDvrbVkohw1S7pySWxWUoZ87HnkDoTFThj7QTxk40hNPOTUP0vHbPRNamFIv1HBJQ=="],

    "@oxfmt/binding-linux-arm-musleabihf": ["@oxfmt/binding-linux-arm-musleabihf@0.48.0", "", { "os": "linux", "cpu": "arm" }, "sha512-R4WBD9qF3QM9hqgdAa+fBGXmquTvDUujrPQ36t2Sjk8RPOSKGHDeN7l/khr10hqbQaOq9KCgPHG9ubNET/X/RQ=="],

    "@oxfmt/binding-linux-arm64-gnu": ["@oxfmt/binding-linux-arm64-gnu@0.48.0", "", { "os": "linux", "cpu": "arm64" }, "sha512-5bVdwSwlm1M8wbYCorLOxWxUBw/8tBvHYyQNIfwWVPwOJaj5vg1APSGJQVpwJfV5VNE9PSrR91UKEpoNwHhqUA=="],

    "@oxfmt/binding-linux-arm64-musl": ["@oxfmt/binding-linux-arm64-musl@0.48.0", "", { "os": "linux", "cpu": "arm64" }, "sha512-vCS3Fk7gFslTqE1lUE2IlroyVV7u/9SmMA/uBqDoshuck2psGWcjW0ePyPZI3rM3+qtf2pDaMVIKMHozraifuw=="],

    "@oxfmt/binding-linux-ppc64-gnu": ["@oxfmt/binding-linux-ppc64-gnu@0.48.0", "", { "os": "linux", "cpu": "ppc64" }, "sha512-gKtfFfueUClXDumyoHUbymqRf7prHejOOyzJK0eIJn93GF9JBdFHdo60TM1ZBHxkEwZvjuOgHmKtneKbEOc/Eg=="],

    "@oxfmt/binding-linux-riscv64-gnu": ["@oxfmt/binding-linux-riscv64-gnu@0.48.0", "", { "os": "linux", "cpu": "none" }, "sha512-SYt0UhOvZD/UwZz9sXq6J2uAw8o24f5VZpLB2DH01f6MevshmlgakQlZe2lwek2sZJkd07eLu7mZa0g7yeiw7Q=="],

    "@oxfmt/binding-linux-riscv64-musl": ["@oxfmt/binding-linux-riscv64-musl@0.48.0", "", { "os": "linux", "cpu": "none" }, "sha512-JLbrwck2AopG4ud/XklZO5N+qxGC7cS7ROvXZVNfx0MCLDDL2kGOLvzuWORkVjnjAM0CMAfIMU2zNBtQbM+4dw=="],

    "@oxfmt/binding-linux-s390x-gnu": ["@oxfmt/binding-linux-s390x-gnu@0.48.0", "", { "os": "linux", "cpu": "s390x" }, "sha512-mdxt5L8OQLxkQH+JVpdC/lknZNe0lX4hlO3d8+xvw2wToo+iDrid9tiGOd5bmHfUVd5wVhrUry0qlu5vq66NkQ=="],

    "@oxfmt/binding-linux-x64-gnu": ["@oxfmt/binding-linux-x64-gnu@0.48.0", "", { "os": "linux", "cpu": "x64" }, "sha512-oEz1BQwMrV7OMEFx/3VPDU3n9TM0AnxpktDYXjEg5i6nTX87wo18wSfBvkl4tzAICdKtoAQAdBIl7Y7hsPlx5w=="],

    "@oxfmt/binding-linux-x64-musl": ["@oxfmt/binding-linux-x64-musl@0.48.0", "", { "os": "linux", "cpu": "x64" }, "sha512-g2SKTTurP5mWjd8Ecait0erYqmltL4IqW1EwttM25BxM6NiTt4ubobJYMR1uox1V2QgG4UfHH10CGRvWlUixjw=="],

    "@oxfmt/binding-openharmony-arm64": ["@oxfmt/binding-openharmony-arm64@0.48.0", "", { "os": "none", "cpu": "arm64" }, "sha512-CIg24VgheEpvolHL2gQuax5qcQ602bRMHrJ9g8XsQr3iVj9aSPgopigBKuMqrXsupwkrU+RQCn5cG8PgFntR6w=="],

    "@oxfmt/binding-win32-arm64-msvc": ["@oxfmt/binding-win32-arm64-msvc@0.48.0", "", { "os": "win32", "cpu": "arm64" }, "sha512-zeaWkcxcEULwkGF3I/HgEvcDPN8buYDrxibBUa/IFh5Vmwyge+KpLO+hEwSovW349H0O/C0Z2kaFmEzEDm00/Q=="],

    "@oxfmt/binding-win32-ia32-msvc": ["@oxfmt/binding-win32-ia32-msvc@0.48.0", "", { "os": "win32", "cpu": "ia32" }, "sha512-yiEKnIAGvx5CyZQOlMaNlZkAbwT7/Quk0j3WLt+PR5hK+qYjPTRRJYDfD77wCBPLvEYAG41v4KG3iL0H+uxoxg=="],

    "@oxfmt/binding-win32-x64-msvc": ["@oxfmt/binding-win32-x64-msvc@0.48.0", "", { "os": "win32", "cpu": "x64" }, "sha512-GSD2+7t2UoVMV2NgxXypa4bKewflPMAjYnF0Xw9/ht82ZfafAHhb8STwrEd7wlH2PFogt5zw3WVCxYJaHUdbeQ=="],

    "@oxlint/binding-android-arm-eabi": ["@oxlint/binding-android-arm-eabi@1.63.0", "", { "os": "android", "cpu": "arm" }, "sha512-A9xLtQt7i0OA1PoB/meog6kikXI9CdwEp7ZwQqmgnpKn3G3b1orvTDy8CQ6T7w1HvDrgWGB78PkFKcWgibcTCg=="],

    "@oxlint/binding-android-arm64": ["@oxlint/binding-android-arm64@1.63.0", "", { "os": "android", "cpu": "arm64" }, "sha512-SQo+ZMvdR9l3CxZp5W5gFNxSiDxclY6lOzzNpKYLF8asESpm3Pwumx0gER5T7aHLF1/2BAAtLD3DiDkdgy4V1A=="],

    "@oxlint/binding-darwin-arm64": ["@oxlint/binding-darwin-arm64@1.63.0", "", { "os": "darwin", "cpu": "arm64" }, "sha512-6W82XjJDTmMnjg30427l0dufpnyLoq7wEukKdM6/g2VIybRVuQiBVh43EA4b+UxZ3+tLcKm+Or/pXGNgLCEU8g=="],

    "@oxlint/binding-darwin-x64": ["@oxlint/binding-darwin-x64@1.63.0", "", { "os": "darwin", "cpu": "x64" }, "sha512-CnWd/YCuVG5W1BYkjJEVbJG11o526O9qAwBEQM+nh8K19CRFUkFdROXCyYkGmroHEYQe4vgQ6+lh3550Lp35Xw=="],

    "@oxlint/binding-freebsd-x64": ["@oxlint/binding-freebsd-x64@1.63.0", "", { "os": "freebsd", "cpu": "x64" }, "sha512-a4eZAqrmtajqcxfdAzC+l7g3PaE3V8hpAYqqeD3fTxLXOMFdK3eNTZrU80n4dDEVm0JXy1aL5PqvqWldBl6zYA=="],

    "@oxlint/binding-linux-arm-gnueabihf": ["@oxlint/binding-linux-arm-gnueabihf@1.63.0", "", { "os": "linux", "cpu": "arm" }, "sha512-tYUtU9TdbU3uXF5D62g5zXJ13iniFGhXQx5vp9cyEjGdbSAY3VdFBSaldYvyoDmgMZ0ZYuwQP1Y4t2Fhejwa0w=="],

    "@oxlint/binding-linux-arm-musleabihf": ["@oxlint/binding-linux-arm-musleabihf@1.63.0", "", { "os": "linux", "cpu": "arm" }, "sha512-I5r3twFf776UZg9dmRo2xbrKt00tTkORXEVe0ctg4vdTkQvJAjiCHxnbAU2HL1AiJ9cqADA76MAliuilsAWnvg=="],

    "@oxlint/binding-linux-arm64-gnu": ["@oxlint/binding-linux-arm64-gnu@1.63.0", "", { "os": "linux", "cpu": "arm64" }, "sha512-t7ltUkg6FFh4b564QyGir8xIj/QZbXu8FlcRkcyW9+ztr/mfRHlvUOFd95pJCXi9s/L5DrUeWWgpXRS+V+6igQ=="],

    "@oxlint/binding-linux-arm64-musl": ["@oxlint/binding-linux-arm64-musl@1.63.0", "", { "os": "linux", "cpu": "arm64" }, "sha512-Q5mmZy/XWjuYFUuQyYjOvZ5U/JkKEwnpir6hGxhh6HcdP0V/BKxLo8dqkfF/t7r7AguB17dfS/8+go5AQDRR6g=="],

    "@oxlint/binding-linux-ppc64-gnu": ["@oxlint/binding-linux-ppc64-gnu@1.63.0", "", { "os": "linux", "cpu": "ppc64" }, "sha512-uBGtuZ0TzLB4x5wVa82HGNvYqY8buwDhyCnCP0R0gkk9szqVsP0MeTtD5HX7EsEuFIt+aYmYxuxeVxs3nTSwtQ=="],

    "@oxlint/binding-linux-riscv64-gnu": ["@oxlint/binding-linux-riscv64-gnu@1.63.0", "", { "os": "linux", "cpu": "none" }, "sha512-h4s6FwxE+9MeA181o0dnDwHP32Y/bG8EiB/vrD6Ib+AMt6haigDc/0bUtI/sLmQDBMJnUfaCmtSSrEAqjtEVrA=="],

    "@oxlint/binding-linux-riscv64-musl": ["@oxlint/binding-linux-riscv64-musl@1.63.0", "", { "os": "linux", "cpu": "none" }, "sha512-2EaNcCBR8Mcjl5ARtuN3BdEpVkX7KpjSjMGZ/mJMIeaXgTtdz5ytg2VwygMSStA/k0ixfvZFoZOfjDEcouV5vQ=="],

    "@oxlint/binding-linux-s390x-gnu": ["@oxlint/binding-linux-s390x-gnu@1.63.0", "", { "os": "linux", "cpu": "s390x" }, "sha512-p4hlf/fd7TrYYl3QrWWD0GocqJefwMu3cHQhmi2FvEB/YOvFb5DZN3SMBaPi7B1TM5DeypkEtrVib674q1KKPg=="],

    "@oxlint/binding-linux-x64-gnu": ["@oxlint/binding-linux-x64-gnu@1.63.0", "", { "os": "linux", "cpu": "x64" }, "sha512-Vgq9rkRVcPcjbcH+ihYTfpeR7vCXfqpd+z5ItTGc0yYUV59L5ceHYN1iV4H9bKGV7Rn5hkVc7x3mSvHegduENA=="],

    "@oxlint/binding-linux-x64-musl": ["@oxlint/binding-linux-x64-musl@1.63.0", "", { "os": "linux", "cpu": "x64" }, "sha512-3/Lkq/ncooA61rorrC+ZQed1Bc4VpGj+WnGsp58zmxKgvZ2vhreu+dcVyr3mX8NUpq7mfZ4gDDTou/yrF1Pd7A=="],

    "@oxlint/binding-openharmony-arm64": ["@oxlint/binding-openharmony-arm64@1.63.0", "", { "os": "none", "cpu": "arm64" }, "sha512-0/EdD/6hDkx5Mfd769PTjvEM8mZ/6Dfukp1dBCL/2PjlIVGEtYdNZyok6ChqYPsT9JcFnlQnUeQzO0/1L/oC9w=="],

    "@oxlint/binding-win32-arm64-msvc": ["@oxlint/binding-win32-arm64-msvc@1.63.0", "", { "os": "win32", "cpu": "arm64" }, "sha512-wb0CUkN8ngwPiRQBjD1Cj0LsHeNvm+Xt6YBHDMtj2DVQVD6Oj8Ri7g6BD+KICf6LaBqZlmzOvy6nF9E/8yyGOg=="],

    "@oxlint/binding-win32-ia32-msvc": ["@oxlint/binding-win32-ia32-msvc@1.63.0", "", { "os": "win32", "cpu": "ia32" }, "sha512-BX5iq+ovdNlVYhSn5qPMUIT0uwAwt2lmEnCnzK+Gkhw4DovIvhGb96OFhV8yzQNUnQxn/xGkOR+X+BLrLDNm8w=="],

    "@oxlint/binding-win32-x64-msvc": ["@oxlint/binding-win32-x64-msvc@1.63.0", "", { "os": "win32", "cpu": "x64" }, "sha512-QeN/WELOfsXMeYwxvfgQrl6CbVftYUCZsGXHjXQd5Trccm8+i4gmtxaOui4xbJQaiDlviF8F3yLSBloQUeFsfA=="],

    "@types/bun": ["@types/bun@1.2.20", "", { "dependencies": { "bun-types": "1.2.20" } }, "sha512-dX3RGzQ8+KgmMw7CsW4xT5ITBSCrSbfHc36SNT31EOUg/LA9JWq0VDdEXDRSe1InVWpd2yLUM1FUF/kEOyTzYA=="],

    "@types/node": ["@types/node@24.3.0", "", { "dependencies": { "undici-types": "~7.10.0" } }, "sha512-aPTXCrfwnDLj4VvXrm+UUCQjNEvJgNA8s5F1cvwQU+3KNltTOkBm1j30uNLyqqPNe7gE3KFzImYoZEfLhp4Yow=="],

    "@types/react": ["@types/react@19.1.11", "", { "dependencies": { "csstype": "^3.0.2" } }, "sha512-lr3jdBw/BGj49Eps7EvqlUaoeA0xpj3pc0RoJkHpYaCHkVK7i28dKyImLQb3JVlqs3aYSXf7qYuWOW/fgZnTXQ=="],

    "ansi-regex": ["ansi-regex@6.2.2", "", {}, "sha512-Bq3SmSpyFHaWjPk8If9yc6svM8c56dB5BAtW4Qbw5jHTwwXXcTLoRMkpDJp6VL0XzlWaCHTXrkFURMYmD0sLqg=="],

    "bun-ffi-structs": ["bun-ffi-structs@0.1.2", "", { "peerDependencies": { "typescript": "^5" } }, "sha512-Lh1oQAYHDcnesJauieA4UNkWGXY9hYck7OA5IaRwE3Bp6K2F2pJSNYqq+hIy7P3uOvo3km3oxS8304g5gDMl/w=="],

    "bun-types": ["bun-types@1.2.20", "", { "dependencies": { "@types/node": "*" }, "peerDependencies": { "@types/react": "^19" } }, "sha512-pxTnQYOrKvdOwyiyd/7sMt9yFOenN004Y6O4lCcCUoKVej48FS5cvTw9geRaEcB9TsDZaJKAxPTVvi8tFsVuXA=="],

    "csstype": ["csstype@3.1.3", "", {}, "sha512-M1uQkMl8rQK/szD0LNhtqxIPLpimGm8sOBwU7lLnCpSbTyY3yeU1Vc7l4KT5zT4s/yOxHH5O7tIuuLOCnLADRw=="],

    "diff": ["diff@9.0.0", "", {}, "sha512-svtcdpS8CgJyqAjEQIXdb3OjhFVVYjzGAPO8WGCmRbrml64SPw/jJD4GoE98aR7r25A0XcgrK3F02yw9R/vhQw=="],

    "emoji-regex": ["emoji-regex@10.6.0", "", {}, "sha512-toUI84YS5YmxW219erniWD0CIVOo46xGKColeNQRgOzDorgBi1v4D71/OFzgD9GO2UGKIv1C3Sp8DAn0+j5w7A=="],

    "get-east-asian-width": ["get-east-asian-width@1.5.0", "", {}, "sha512-CQ+bEO+Tva/qlmw24dCejulK5pMzVnUOFOijVogd3KQs07HnRIgp8TGipvCCRT06xeYEbpbgwaCxglFyiuIcmA=="],

    "marked": ["marked@17.0.1", "", { "bin": { "marked": "bin/marked.js" } }, "sha512-boeBdiS0ghpWcSwoNm/jJBwdpFaMnZWRzjA6SkUMYb40SVaN1x7mmfGKp0jvexGcx+7y2La5zRZsYFZI6Qpypg=="],

    "oxfmt": ["oxfmt@0.48.0", "", { "dependencies": { "tinypool": "2.1.0" }, "optionalDependencies": { "@oxfmt/binding-android-arm-eabi": "0.48.0", "@oxfmt/binding-android-arm64": "0.48.0", "@oxfmt/binding-darwin-arm64": "0.48.0", "@oxfmt/binding-darwin-x64": "0.48.0", "@oxfmt/binding-freebsd-x64": "0.48.0", "@oxfmt/binding-linux-arm-gnueabihf": "0.48.0", "@oxfmt/binding-linux-arm-musleabihf": "0.48.0", "@oxfmt/binding-linux-arm64-gnu": "0.48.0", "@oxfmt/binding-linux-arm64-musl": "0.48.0", "@oxfmt/binding-linux-ppc64-gnu": "0.48.0", "@oxfmt/binding-linux-riscv64-gnu": "0.48.0", "@oxfmt/binding-linux-riscv64-musl": "0.48.0", "@oxfmt/binding-linux-s390x-gnu": "0.48.0", "@oxfmt/binding-linux-x64-gnu": "0.48.0", "@oxfmt/binding-linux-x64-musl": "0.48.0", "@oxfmt/binding-openharmony-arm64": "0.48.0", "@oxfmt/binding-win32-arm64-msvc": "0.48.0", "@oxfmt/binding-win32-ia32-msvc": "0.48.0", "@oxfmt/binding-win32-x64-msvc": "0.48.0" }, "bin": { "oxfmt": "bin/oxfmt" } }, "sha512-AVaLh+7XeGx+R1zfFV+f6VV61nT2MWVJXVUDhbTm5LBWGyNt64xAyh3NYYyjeY2WykNt9AvqSQLPHcbWquYF9g=="],

    "oxlint": ["oxlint@1.63.0", "", { "optionalDependencies": { "@oxlint/binding-android-arm-eabi": "1.63.0", "@oxlint/binding-android-arm64": "1.63.0", "@oxlint/binding-darwin-arm64": "1.63.0", "@oxlint/binding-darwin-x64": "1.63.0", "@oxlint/binding-freebsd-x64": "1.63.0", "@oxlint/binding-linux-arm-gnueabihf": "1.63.0", "@oxlint/binding-linux-arm-musleabihf": "1.63.0", "@oxlint/binding-linux-arm64-gnu": "1.63.0", "@oxlint/binding-linux-arm64-musl": "1.63.0", "@oxlint/binding-linux-ppc64-gnu": "1.63.0", "@oxlint/binding-linux-riscv64-gnu": "1.63.0", "@oxlint/binding-linux-riscv64-musl": "1.63.0", "@oxlint/binding-linux-s390x-gnu": "1.63.0", "@oxlint/binding-linux-x64-gnu": "1.63.0", "@oxlint/binding-linux-x64-musl": "1.63.0", "@oxlint/binding-openharmony-arm64": "1.63.0", "@oxlint/binding-win32-arm64-msvc": "1.63.0", "@oxlint/binding-win32-ia32-msvc": "1.63.0", "@oxlint/binding-win32-x64-msvc": "1.63.0" }, "peerDependencies": { "oxlint-tsgolint": ">=0.22.1" }, "optionalPeers": ["oxlint-tsgolint"], "bin": { "oxlint": "bin/oxlint" } }, "sha512-9TGXetdjgIHOJ9OiReomP7nnrMkV9HxC1xM2ramJSLQpzxjsAJtQwa4wqkJN2f/uCrqZuJseFuSlWDdvcruveg=="],

    "react": ["react@19.2.4", "", {}, "sha512-9nfp2hYpCwOjAN+8TZFGhtWEwgvWHXqESH8qT89AT/lWklpLON22Lc8pEtnpsZz7VmawabSU0gCjnj8aC0euHQ=="],

    "react-devtools-core": ["react-devtools-core@7.0.1", "", { "dependencies": { "shell-quote": "^1.6.1", "ws": "^7" } }, "sha512-C3yNvRHaizlpiASzy7b9vbnBGLrhvdhl1CbdU6EnZgxPNbai60szdLtl+VL76UNOt5bOoVTOz5rNWZxgGt+Gsw=="],

    "react-reconciler": ["react-reconciler@0.32.0", "", { "dependencies": { "scheduler": "^0.26.0" }, "peerDependencies": { "react": "^19.1.0" } }, "sha512-2NPMOzgTlG0ZWdIf3qG+dcbLSoAc/uLfOwckc3ofy5sSK0pLJqnQLpUFxvGcN2rlXSjnVtGeeFLNimCQEj5gOQ=="],

    "scheduler": ["scheduler@0.26.0", "", {}, "sha512-NlHwttCI/l5gCPR3D1nNXtWABUmBwvZpEQiD4IXSbIDq8BzLIK/7Ir5gTFSGZDUu37K5cMNp0hFtzO38sC7gWA=="],

    "shell-quote": ["shell-quote@1.8.3", "", {}, "sha512-ObmnIF4hXNg1BqhnHmgbDETF8dLPCggZWBjkQfhZpbszZnYur5DUljTcCHii5LC3J5E0yeO/1LIMyH+UvHQgyw=="],

    "string-width": ["string-width@7.2.0", "", { "dependencies": { "emoji-regex": "^10.3.0", "get-east-asian-width": "^1.0.0", "strip-ansi": "^7.1.0" } }, "sha512-tsaTIkKW9b4N+AEj+SVA+WhJzV7/zMhcSu78mLKWSk7cXMOSHsBKFWUs0fWwq8QyK3MgJBQRX6Gbi4kYbdvGkQ=="],

    "strip-ansi": ["strip-ansi@7.1.2", "", { "dependencies": { "ansi-regex": "^6.0.1" } }, "sha512-gmBGslpoQJtgnMAvOVqGZpEz9dyoKTCzy2nfz/n8aIFhN/jCE/rCmcxabB6jOOHV+0WNnylOxaxBQPSvcWklhA=="],

    "tinypool": ["tinypool@2.1.0", "", {}, "sha512-Pugqs6M0m7Lv1I7FtxN4aoyToKg1C4tu+/381vH35y8oENM/Ai7f7C4StcoK4/+BSw9ebcS8jRiVrORFKCALLw=="],

    "typescript": ["typescript@5.9.2", "", { "bin": { "tsc": "bin/tsc", "tsserver": "bin/tsserver" } }, "sha512-CWBzXQrc/qOkhidw1OzBTQuYRbfyxDXJMVJ1XNwUHGROVmuaeiEm3OslpZ1RV96d7SKKjZKrSJu3+t/xlw3R9A=="],

    "undici-types": ["undici-types@7.10.0", "", {}, "sha512-t5Fy/nfn+14LuOc2KNYg75vZqClpAiqscVvMygNnlsHBFpSXdJaYtXMcdNLpl/Qvc3P2cB3s6lOV51nqsFq4ag=="],

    "web-tree-sitter": ["web-tree-sitter@0.26.0", "", {}, "sha512-wGGAMnJEMF8wy33iEGxSvnyEOfVLzSaa3x6g66aEHsL/hsgFb6IVPrpacIordAMz198pE9qReCEqFUuM0pnfwg=="],

    "ws": ["ws@8.18.3", "", { "peerDependencies": { "bufferutil": "^4.0.1", "utf-8-validate": ">=5.0.2" }, "optionalPeers": ["bufferutil", "utf-8-validate"] }, "sha512-PEIGCY5tSlUt50cqyMXfCzX+oOPqN0vuGqWzbcJ2xvnkzkq46oOpz7dQaTDBdfICb4N14+GARUDw2XV2N4tvzg=="],

    "yoga-layout": ["yoga-layout@3.2.1", "", {}, "sha512-0LPOt3AxKqMdFBZA3HBAt/t/8vIKq7VaQYbuA8WxCgung+p9TVyKRYdpvCb80HcdTN2NkbIKbhNwKUfm3tQywQ=="],

    "react-devtools-core/ws": ["ws@7.5.10", "", { "peerDependencies": { "bufferutil": "^4.0.1", "utf-8-validate": "^5.0.2" }, "optionalPeers": ["bufferutil", "utf-8-validate"] }, "sha512-+dbF1tHwZpXcbOJdVOkzLDxZP1ailvSxM6ZweXTegylPny803bFhA+vqBYw4s31NSAk4S2Qz+AKXK9a4wkdjcQ=="],
  }
}
